
Microsoft Visual Studio Solution File, Format Version 12.00
# Visual Studio Version 17
VisualStudioVersion = 17.0.32014.148
MinimumVisualStudioVersion = 10.0.40219.1
Project("{9A19103F-16F7-4668-BE54-9A1E7A4F7556}") = "Abby Web", "Abby Web\Abby Web.csproj", "{6A9E2FF7-3363-4535-8AD9-081382240301}"
EndProject
Global
	GlobalSection(SolutionConfigurationPlatforms) = preSolution
		Debug|Any CPU = Debug|Any CPU
		Release|Any CPU = Release|Any CPU
	EndGlobalSection
	GlobalSection(ProjectConfigurationPlatforms) = postSolution
		{6A9E2FF7-3363-4535-8AD9-081382240301}.Debug|Any CPU.ActiveCfg = Debug|Any CPU
		{6A9E2FF7-3363-4535-8AD9-081382240301}.Debug|Any CPU.Build.0 = Debug|Any CPU
		{6A9E2FF7-3363-4535-8AD9-081382240301}.Release|Any CPU.ActiveCfg = Release|Any CPU
		{6A9E2FF7-3363-4535-8AD9-081382240301}.Release|Any CPU.Build.0 = Release|Any CPU
	EndGlobalSection
	GlobalSection(SolutionProperties) = preSolution
		HideSolutionNode = FALSE
	EndGlobalSection
	GlobalSection(ExtensibilityGlobals) = postSolution
		SolutionGuid = {5A0E27ED-735C-45C6-A07B-C3D1C56A1196}
	EndGlobalSection
EndGlobal
